
Microsoft Visual Studio Solution File, Format Version 12.00
# Visual Studio Version 17
VisualStudioVersion = 17.0.31903.59
MinimumVisualStudioVersion = 10.0.40219.1
Project("{FAE04EC0-301F-11D3-BF4B-00C04F79EFBC}") = "ActivosTI.Api", "ActivosTI.Api\ActivosTI.Api.csproj", "{60A9FA6C-D195-4AA5-AABE-E05EB00B602C}"
EndProject
Project("{FAE04EC0-301F-11D3-BF4B-00C04F79EFBC}") = "ActivosTI.Tests", "ActivosTI.Tests\ActivosTI.Tests.csproj", "{DE4D2800-CA03-423E-9221-DC039C61F074}"
EndProject
Global
	GlobalSection(SolutionConfigurationPlatforms) = preSolution
		Debug|Any CPU = Debug|Any CPU
		Release|Any CPU = Release|Any CPU
	EndGlobalSection
	GlobalSection(SolutionProperties) = preSolution
		HideSolutionNode = FALSE
	EndGlobalSection
	GlobalSection(ProjectConfigurationPlatforms) = postSolution
		{60A9FA6C-D195-4AA5-AABE-E05EB00B602C}.Debug|Any CPU.ActiveCfg = Debug|Any CPU
		{60A9FA6C-D195-4AA5-AABE-E05EB00B602C}.Debug|Any CPU.Build.0 = Debug|Any CPU
		{60A9FA6C-D195-4AA5-AABE-E05EB00B602C}.Release|Any CPU.ActiveCfg = Release|Any CPU
		{60A9FA6C-D195-4AA5-AABE-E05EB00B602C}.Release|Any CPU.Build.0 = Release|Any CPU
		{DE4D2800-CA03-423E-9221-DC039C61F074}.Debug|Any CPU.ActiveCfg = Debug|Any CPU
		{DE4D2800-CA03-423E-9221-DC039C61F074}.Debug|Any CPU.Build.0 = Debug|Any CPU
		{DE4D2800-CA03-423E-9221-DC039C61F074}.Release|Any CPU.ActiveCfg = Release|Any CPU
		{DE4D2800-CA03-423E-9221-DC039C61F074}.Release|Any CPU.Build.0 = Release|Any CPU
	EndGlobalSection
EndGlobal
